
Microsoft Visual Studio Solution File, Format Version 12.00
# Visual Studio Version 16
VisualStudioVersion = 16.0.30225.117
MinimumVisualStudioVersion = 10.0.40219.1
Project("{FAE04EC0-301F-11D3-BF4B-00C04F79EFBC}") = "Constructor", "Constructor\Constructor.csproj", "{FE151211-A9CC-4778-A7F2-D494781D48DB}"
EndProject
Global
	GlobalSection(SolutionConfigurationPlatforms) = preSolution
		Debug|Any CPU = Debug|Any CPU
		Release|Any CPU = Release|Any CPU
	EndGlobalSection
	GlobalSection(ProjectConfigurationPlatforms) = postSolution
		{FE151211-A9CC-4778-A7F2-D494781D48DB}.Debug|Any CPU.ActiveCfg = Debug|Any CPU
		{FE151211-A9CC-4778-A7F2-D494781D48DB}.Debug|Any CPU.Build.0 = Debug|Any CPU
		{FE151211-A9CC-4778-A7F2-D494781D48DB}.Release|Any CPU.ActiveCfg = Release|Any CPU
		{FE151211-A9CC-4778-A7F2-D494781D48DB}.Release|Any CPU.Build.0 = Release|Any CPU
	EndGlobalSection
	GlobalSection(SolutionProperties) = preSolution
		HideSolutionNode = FALSE
	EndGlobalSection
	GlobalSection(ExtensibilityGlobals) = postSolution
		SolutionGuid = {BAB83D71-1B94-4C1D-AB35-E21AAD67012E}
	EndGlobalSection
EndGlobal
